
Microsoft Visual Studio Solution File, Format Version 12.00
# Visual Studio Version 17
VisualStudioVersion = 17.0.32126.317
MinimumVisualStudioVersion = 10.0.40219.1
Project("{9A19103F-16F7-4668-BE54-9A1E7A4F7556}") = "CSCalculateFractionsWrapperDll", "CSCalculateFractionsDll\CSCalculateFractionsWrapperDll.csproj", "{94472711-6C5E-4302-BC9A-076A26A6C4BD}"
EndProject
Project("{8BC9CEB8-8B4A-11D0-8D11-00A0C91BC942}") = "BridgeForCalculateFractionsDll", "BridgeForCalculateFractionsDll\BridgeForCalculateFractionsDll.vcxproj", "{3EA025B2-2B3C-41F1-AC78-D28D8E7FB1BA}"
EndProject
Project("{9A19103F-16F7-4668-BE54-9A1E7A4F7556}") = "FCalculatorAPI", "FCalculatorAPI\FCalculatorAPI.csproj", "{FC825DD9-3BCE-40FD-BF52-80E1AECBBE69}"
EndProject
Global
	GlobalSection(SolutionConfigurationPlatforms) = preSolution
		Debug|Any CPU = Debug|Any CPU
		Debug|x64 = Debug|x64
		Debug|x86 = Debug|x86
		Release|Any CPU = Release|Any CPU
		Release|x64 = Release|x64
		Release|x86 = Release|x86
	EndGlobalSection
	GlobalSection(ProjectConfigurationPlatforms) = postSolution
		{94472711-6C5E-4302-BC9A-076A26A6C4BD}.Debug|Any CPU.ActiveCfg = Debug|x86
		{94472711-6C5E-4302-BC9A-076A26A6C4BD}.Debug|Any CPU.Build.0 = Debug|x86
		{94472711-6C5E-4302-BC9A-076A26A6C4BD}.Debug|x64.ActiveCfg = Debug|Any CPU
		{94472711-6C5E-4302-BC9A-076A26A6C4BD}.Debug|x64.Build.0 = Debug|Any CPU
		{94472711-6C5E-4302-BC9A-076A26A6C4BD}.Debug|x86.ActiveCfg = Debug|x86
		{94472711-6C5E-4302-BC9A-076A26A6C4BD}.Debug|x86.Build.0 = Debug|x86
		{94472711-6C5E-4302-BC9A-076A26A6C4BD}.Release|Any CPU.ActiveCfg = Release|x86
		{94472711-6C5E-4302-BC9A-076A26A6C4BD}.Release|Any CPU.Build.0 = Release|x86
		{94472711-6C5E-4302-BC9A-076A26A6C4BD}.Release|x64.ActiveCfg = Release|Any CPU
		{94472711-6C5E-4302-BC9A-076A26A6C4BD}.Release|x64.Build.0 = Release|Any CPU
		{94472711-6C5E-4302-BC9A-076A26A6C4BD}.Release|x86.ActiveCfg = Release|x86
		{94472711-6C5E-4302-BC9A-076A26A6C4BD}.Release|x86.Build.0 = Release|x86
		{3EA025B2-2B3C-41F1-AC78-D28D8E7FB1BA}.Debug|Any CPU.ActiveCfg = Debug|Win32
		{3EA025B2-2B3C-41F1-AC78-D28D8E7FB1BA}.Debug|Any CPU.Build.0 = Debug|Win32
		{3EA025B2-2B3C-41F1-AC78-D28D8E7FB1BA}.Debug|x64.ActiveCfg = Debug|x64
		{3EA025B2-2B3C-41F1-AC78-D28D8E7FB1BA}.Debug|x64.Build.0 = Debug|x64
		{3EA025B2-2B3C-41F1-AC78-D28D8E7FB1BA}.Debug|x86.ActiveCfg = Debug|Win32
		{3EA025B2-2B3C-41F1-AC78-D28D8E7FB1BA}.Debug|x86.Build.0 = Debug|Win32
		{3EA025B2-2B3C-41F1-AC78-D28D8E7FB1BA}.Release|Any CPU.ActiveCfg = Release|Win32
		{3EA025B2-2B3C-41F1-AC78-D28D8E7FB1BA}.Release|Any CPU.Build.0 = Release|Win32
		{3EA025B2-2B3C-41F1-AC78-D28D8E7FB1BA}.Release|x64.ActiveCfg = Release|x64
		{3EA025B2-2B3C-41F1-AC78-D28D8E7FB1BA}.Release|x64.Build.0 = Release|x64
		{3EA025B2-2B3C-41F1-AC78-D28D8E7FB1BA}.Release|x86.ActiveCfg = Release|Win32
		{3EA025B2-2B3C-41F1-AC78-D28D8E7FB1BA}.Release|x86.Build.0 = Release|Win32
		{FC825DD9-3BCE-40FD-BF52-80E1AECBBE69}.Debug|Any CPU.ActiveCfg = Debug|x86
		{FC825DD9-3BCE-40FD-BF52-80E1AECBBE69}.Debug|Any CPU.Build.0 = Debug|x86
		{FC825DD9-3BCE-40FD-BF52-80E1AECBBE69}.Debug|x64.ActiveCfg = Debug|Any CPU
		{FC825DD9-3BCE-40FD-BF52-80E1AECBBE69}.Debug|x64.Build.0 = Debug|Any CPU
		{FC825DD9-3BCE-40FD-BF52-80E1AECBBE69}.Debug|x86.ActiveCfg = Debug|x86
		{FC825DD9-3BCE-40FD-BF52-80E1AECBBE69}.Debug|x86.Build.0 = Debug|x86
		{FC825DD9-3BCE-40FD-BF52-80E1AECBBE69}.Release|Any CPU.ActiveCfg = Release|x86
		{FC825DD9-3BCE-40FD-BF52-80E1AECBBE69}.Release|Any CPU.Build.0 = Release|x86
		{FC825DD9-3BCE-40FD-BF52-80E1AECBBE69}.Release|x64.ActiveCfg = Release|Any CPU
		{FC825DD9-3BCE-40FD-BF52-80E1AECBBE69}.Release|x64.Build.0 = Release|Any CPU
		{FC825DD9-3BCE-40FD-BF52-80E1AECBBE69}.Release|x86.ActiveCfg = Release|x86
		{FC825DD9-3BCE-40FD-BF52-80E1AECBBE69}.Release|x86.Build.0 = Release|x86
	EndGlobalSection
	GlobalSection(SolutionProperties) = preSolution
		HideSolutionNode = FALSE
	EndGlobalSection
	GlobalSection(ExtensibilityGlobals) = postSolution
		SolutionGuid = {4C558296-1485-41ED-B8AD-76232E17DF6E}
	EndGlobalSection
EndGlobal
